
Microsoft Visual Studio Solution File, Format Version 12.00
# Visual Studio Version 16
VisualStudioVersion = 16.0.30717.126
MinimumVisualStudioVersion = 10.0.40219.1
Project("{9A19103F-16F7-4668-BE54-9A1E7A4F7556}") = "Tests", "Tests\Tests.csproj", "{861F475D-B3C0-4583-B4BB-170BDA4D9916}"
EndProject
Project("{FAE04EC0-301F-11D3-BF4B-00C04F79EFBC}") = "Domain", "Domain\Domain.csproj", "{D00A03F7-2C05-49AD-83B6-5E2E49BC612E}"
EndProject
Global
	GlobalSection(SolutionConfigurationPlatforms) = preSolution
		Debug|Any CPU = Debug|Any CPU
		Release|Any CPU = Release|Any CPU
	EndGlobalSection
	GlobalSection(ProjectConfigurationPlatforms) = postSolution
		{861F475D-B3C0-4583-B4BB-170BDA4D9916}.Debug|Any CPU.ActiveCfg = Debug|Any CPU
		{861F475D-B3C0-4583-B4BB-170BDA4D9916}.Debug|Any CPU.Build.0 = Debug|Any CPU
		{861F475D-B3C0-4583-B4BB-170BDA4D9916}.Release|Any CPU.ActiveCfg = Release|Any CPU
		{861F475D-B3C0-4583-B4BB-170BDA4D9916}.Release|Any CPU.Build.0 = Release|Any CPU
		{D00A03F7-2C05-49AD-83B6-5E2E49BC612E}.Debug|Any CPU.ActiveCfg = Debug|Any CPU
		{D00A03F7-2C05-49AD-83B6-5E2E49BC612E}.Debug|Any CPU.Build.0 = Debug|Any CPU
		{D00A03F7-2C05-49AD-83B6-5E2E49BC612E}.Release|Any CPU.ActiveCfg = Release|Any CPU
		{D00A03F7-2C05-49AD-83B6-5E2E49BC612E}.Release|Any CPU.Build.0 = Release|Any CPU
	EndGlobalSection
	GlobalSection(SolutionProperties) = preSolution
		HideSolutionNode = FALSE
	EndGlobalSection
	GlobalSection(ExtensibilityGlobals) = postSolution
		SolutionGuid = {D0B60952-435C-46D1-BDDF-9313801A1D35}
	EndGlobalSection
EndGlobal
